
Microsoft Visual Studio Solution File, Format Version 12.00
Project("{FAE04EC0-301F-11D3-BF4B-00C04F79EFBC}") = "cwiczenie5", "cwiczenie5\cwiczenie5.csproj", "{235802A2-2EE9-41A3-A6C3-B0D3D45C6371}"
EndProject
Global
	GlobalSection(SolutionConfigurationPlatforms) = preSolution
		Debug|Any CPU = Debug|Any CPU
		Release|Any CPU = Release|Any CPU
	EndGlobalSection
	GlobalSection(ProjectConfigurationPlatforms) = postSolution
		{235802A2-2EE9-41A3-A6C3-B0D3D45C6371}.Debug|Any CPU.ActiveCfg = Debug|Any CPU
		{235802A2-2EE9-41A3-A6C3-B0D3D45C6371}.Debug|Any CPU.Build.0 = Debug|Any CPU
		{235802A2-2EE9-41A3-A6C3-B0D3D45C6371}.Release|Any CPU.ActiveCfg = Release|Any CPU
		{235802A2-2EE9-41A3-A6C3-B0D3D45C6371}.Release|Any CPU.Build.0 = Release|Any CPU
	EndGlobalSection
EndGlobal
